
Microsoft Visual Studio Solution File, Format Version 12.00
# Visual Studio Version 17
VisualStudioVersion = 17.7.34031.279
MinimumVisualStudioVersion = 10.0.40219.1
Project("{FAE04EC0-301F-11D3-BF4B-00C04F79EFBC}") = "Zmeika", "Zmeika\Zmeika.csproj", "{1AF05BE3-BCA0-4DD4-B961-01D3A9A0FF8F}"
EndProject
Project("{FAE04EC0-301F-11D3-BF4B-00C04F79EFBC}") = "UnitTestProject1", "UnitTestProject1\UnitTestProject1.csproj", "{AA3159C0-712B-4442-AAED-15447EA73982}"
EndProject
Global
	GlobalSection(SolutionConfigurationPlatforms) = preSolution
		Debug|Any CPU = Debug|Any CPU
		Release|Any CPU = Release|Any CPU
	EndGlobalSection
	GlobalSection(ProjectConfigurationPlatforms) = postSolution
		{1AF05BE3-BCA0-4DD4-B961-01D3A9A0FF8F}.Debug|Any CPU.ActiveCfg = Debug|Any CPU
		{1AF05BE3-BCA0-4DD4-B961-01D3A9A0FF8F}.Debug|Any CPU.Build.0 = Debug|Any CPU
		{1AF05BE3-BCA0-4DD4-B961-01D3A9A0FF8F}.Release|Any CPU.ActiveCfg = Release|Any CPU
		{1AF05BE3-BCA0-4DD4-B961-01D3A9A0FF8F}.Release|Any CPU.Build.0 = Release|Any CPU
		{AA3159C0-712B-4442-AAED-15447EA73982}.Debug|Any CPU.ActiveCfg = Debug|Any CPU
		{AA3159C0-712B-4442-AAED-15447EA73982}.Debug|Any CPU.Build.0 = Debug|Any CPU
		{AA3159C0-712B-4442-AAED-15447EA73982}.Release|Any CPU.ActiveCfg = Release|Any CPU
		{AA3159C0-712B-4442-AAED-15447EA73982}.Release|Any CPU.Build.0 = Release|Any CPU
	EndGlobalSection
	GlobalSection(SolutionProperties) = preSolution
		HideSolutionNode = FALSE
	EndGlobalSection
	GlobalSection(ExtensibilityGlobals) = postSolution
		SolutionGuid = {E44C779C-BF9C-45CE-ADD1-8B5A09A7A02E}
	EndGlobalSection
EndGlobal
